
Microsoft Visual Studio Solution File, Format Version 12.00
# Visual Studio Version 18
VisualStudioVersion = 18.1.11312.151
MinimumVisualStudioVersion = 10.0.40219.1
Project("{9A19103F-16F7-4668-BE54-9A1E7A4F7556}") = "GamelistManager", "GamelistManager.csproj", "{FBCC97AB-E187-4A43-B91E-CFE87FDB8A37}"
EndProject
Global
	GlobalSection(SolutionConfigurationPlatforms) = preSolution
		Debug|Any CPU = Debug|Any CPU
		Debug|x64 = Debug|x64
		Release|Any CPU = Release|Any CPU
		Release|x64 = Release|x64
	EndGlobalSection
	GlobalSection(ProjectConfigurationPlatforms) = postSolution
		{FBCC97AB-E187-4A43-B91E-CFE87FDB8A37}.Debug|Any CPU.ActiveCfg = Debug|Any CPU
		{FBCC97AB-E187-4A43-B91E-CFE87FDB8A37}.Debug|Any CPU.Build.0 = Debug|Any CPU
		{FBCC97AB-E187-4A43-B91E-CFE87FDB8A37}.Debug|x64.ActiveCfg = Debug|x64
		{FBCC97AB-E187-4A43-B91E-CFE87FDB8A37}.Debug|x64.Build.0 = Debug|x64
		{FBCC97AB-E187-4A43-B91E-CFE87FDB8A37}.Release|Any CPU.ActiveCfg = Release|Any CPU
		{FBCC97AB-E187-4A43-B91E-CFE87FDB8A37}.Release|Any CPU.Build.0 = Release|Any CPU
		{FBCC97AB-E187-4A43-B91E-CFE87FDB8A37}.Release|x64.ActiveCfg = Release|Any CPU
		{FBCC97AB-E187-4A43-B91E-CFE87FDB8A37}.Release|x64.Build.0 = Release|Any CPU
	EndGlobalSection
	GlobalSection(SolutionProperties) = preSolution
		HideSolutionNode = FALSE
	EndGlobalSection
	GlobalSection(ExtensibilityGlobals) = postSolution
		SolutionGuid = {3C97713E-E607-4DD7-B906-7F255F53185F}
	EndGlobalSection
EndGlobal
